
Microsoft Visual Studio Solution File, Format Version 12.00
# Visual Studio 2013
VisualStudioVersion = 12.0.31101.0
MinimumVisualStudioVersion = 10.0.40219.1
Project("{FAE04EC0-301F-11D3-BF4B-00C04F79EFBC}") = "AppTP", "AppTP\AppTP.csproj", "{35DD60B3-6B7A-421A-B3B6-E4B8B0748227}"
EndProject
Project("{2150E333-8FDC-42A3-9474-1A3956D46DE8}") = ".nuget", ".nuget", "{DAC08009-1A53-4284-B80B-C980B7FB0F4B}"
	ProjectSection(SolutionItems) = preProject
		.nuget\packages.config = .nuget\packages.config
	EndProjectSection
EndProject
Global
	GlobalSection(SolutionConfigurationPlatforms) = preSolution
		Debug|Any CPU = Debug|Any CPU
		Release|Any CPU = Release|Any CPU
	EndGlobalSection
	GlobalSection(ProjectConfigurationPlatforms) = postSolution
		{35DD60B3-6B7A-421A-B3B6-E4B8B0748227}.Debug|Any CPU.ActiveCfg = Debug|Any CPU
		{35DD60B3-6B7A-421A-B3B6-E4B8B0748227}.Debug|Any CPU.Build.0 = Debug|Any CPU
		{35DD60B3-6B7A-421A-B3B6-E4B8B0748227}.Release|Any CPU.ActiveCfg = Release|Any CPU
		{35DD60B3-6B7A-421A-B3B6-E4B8B0748227}.Release|Any CPU.Build.0 = Release|Any CPU
	EndGlobalSection
	GlobalSection(SolutionProperties) = preSolution
		HideSolutionNode = FALSE
	EndGlobalSection
EndGlobal
